// !$*UTF8*$!
{
	archiveVersion = 1;
	classes = {
	};
	objectVersion = 46;
	objects = {

/* Begin PBXBuildFile section */
		3F11369F1BD91B7500CB50B0 /* AppDelegate.swift in Sources */ = {isa = PBXBuildFile; fileRef = 3F11369E1BD91B7500CB50B0 /* AppDelegate.swift */; };
		3F1136A11BD91B7500CB50B0 /* GameScene.sks in Resources */ = {isa = PBXBuildFile; fileRef = 3F1136A01BD91B7500CB50B0 /* GameScene.sks */; };
		3F1136A31BD91B7500CB50B0 /* GameScene.swift in Sources */ = {isa = PBXBuildFile; fileRef = 3F1136A21BD91B7500CB50B0 /* GameScene.swift */; };
		3F1136A51BD91B7500CB50B0 /* GameViewController.swift in Sources */ = {isa = PBXBuildFile; fileRef = 3F1136A41BD91B7500CB50B0 /* GameViewController.swift */; };
		3F1136A81BD91B7500CB50B0 /* Main.storyboard in Resources */ = {isa = PBXBuildFile; fileRef = 3F1136A61BD91B7500CB50B0 /* Main.storyboard */; };
		3F1136AA1BD91B7500CB50B0 /* Assets.xcassets in Resources */ = {isa = PBXBuildFile; fileRef = 3F1136A91BD91B7500CB50B0 /* Assets.xcassets */; };
		3F1136AD1BD91B7500CB50B0 /* LaunchScreen.storyboard in Resources */ = {isa = PBXBuildFile; fileRef = 3F1136AB1BD91B7500CB50B0 /* LaunchScreen.storyboard */; };
		3F1136B81BD91B7500CB50B0 /* MooreContourTracingTests.swift in Sources */ = {isa = PBXBuildFile; fileRef = 3F1136B71BD91B7500CB50B0 /* MooreContourTracingTests.swift */; };
		3F1136C31BD91B7500CB50B0 /* MooreContourTracingUITests.swift in Sources */ = {isa = PBXBuildFile; fileRef = 3F1136C21BD91B7500CB50B0 /* MooreContourTracingUITests.swift */; };
		3F1136D11BD91C8C00CB50B0 /* MooreLevelGenerator.swift in Sources */ = {isa = PBXBuildFile; fileRef = 3F1136D01BD91C8C00CB50B0 /* MooreLevelGenerator.swift */; };
		3F1136D31BD91D8C00CB50B0 /* Level.txt in Resources */ = {isa = PBXBuildFile; fileRef = 3F1136D21BD91D8C00CB50B0 /* Level.txt */; };
		3F748EC91BF613CA00FFFEF4 /* BetterLevelGenerator.swift in Sources */ = {isa = PBXBuildFile; fileRef = 3F748EC81BF613CA00FFFEF4 /* BetterLevelGenerator.swift */; };
		3FF52F931BE6A82600322FE7 /* ground.png in Resources */ = {isa = PBXBuildFile; fileRef = 3FF52F921BE6A82600322FE7 /* ground.png */; };
/* End PBXBuildFile section */

/* Begin PBXContainerItemProxy section */
		3F1136B41BD91B7500CB50B0 /* PBXContainerItemProxy */ = {
			isa = PBXContainerItemProxy;
			containerPortal = 3F1136931BD91B7500CB50B0 /* Project object */;
			proxyType = 1;
			remoteGlobalIDString = 3F11369A1BD91B7500CB50B0;
			remoteInfo = MooreContourTracing;
		};
		3F1136BF1BD91B7500CB50B0 /* PBXContainerItemProxy */ = {
			isa = PBXContainerItemProxy;
			containerPortal = 3F1136931BD91B7500CB50B0 /* Project object */;
			proxyType = 1;
			remoteGlobalIDString = 3F11369A1BD91B7500CB50B0;
			remoteInfo = MooreContourTracing;
		};
/* End PBXContainerItemProxy section */

/* Begin PBXFileReference section */
		3F11369B1BD91B7500CB50B0 /* MooreContourTracing.app */ = {isa = PBXFileReference; explicitFileType = wrapper.application; includeInIndex = 0; path = MooreContourTracing.app; sourceTree = BUILT_PRODUCTS_DIR; };
		3F11369E1BD91B7500CB50B0 /* AppDelegate.swift */ = {isa = PBXFileReference; lastKnownFileType = sourcecode.swift; path = AppDelegate.swift; sourceTree = "<group>"; };
		3F1136A01BD91B7500CB50B0 /* GameScene.sks */ = {isa = PBXFileReference; lastKnownFileType = file.sks; path = GameScene.sks; sourceTree = "<group>"; };
		3F1136A21BD91B7500CB50B0 /* GameScene.swift */ = {isa = PBXFileReference; lastKnownFileType = sourcecode.swift; path = GameScene.swift; sourceTree = "<group>"; };
		3F1136A41BD91B7500CB50B0 /* GameViewController.swift */ = {isa = PBXFileReference; lastKnownFileType = sourcecode.swift; path = GameViewController.swift; sourceTree = "<group>"; };
		3F1136A71BD91B7500CB50B0 /* Base */ = {isa = PBXFileReference; lastKnownFileType = file.storyboard; name = Base; path = Base.lproj/Main.storyboard; sourceTree = "<group>"; };
		3F1136A91BD91B7500CB50B0 /* Assets.xcassets */ = {isa = PBXFileReference; lastKnownFileType = folder.assetcatalog; path = Assets.xcassets; sourceTree = "<group>"; };
		3F1136AC1BD91B7500CB50B0 /* Base */ = {isa = PBXFileReference; lastKnownFileType = file.storyboard; name = Base; path = Base.lproj/LaunchScreen.storyboard; sourceTree = "<group>"; };
		3F1136AE1BD91B7500CB50B0 /* Info.plist */ = {isa = PBXFileReference; lastKnownFileType = text.plist.xml; path = Info.plist; sourceTree = "<group>"; };
		3F1136B31BD91B7500CB50B0 /* MooreContourTracingTests.xctest */ = {isa = PBXFileReference; explicitFileType = wrapper.cfbundle; includeInIndex = 0; path = MooreContourTracingTests.xctest; sourceTree = BUILT_PRODUCTS_DIR; };
		3F1136B71BD91B7500CB50B0 /* MooreContourTracingTests.swift */ = {isa = PBXFileReference; lastKnownFileType = sourcecode.swift; path = MooreContourTracingTests.swift; sourceTree = "<group>"; };
		3F1136B91BD91B7500CB50B0 /* Info.plist */ = {isa = PBXFileReference; lastKnownFileType = text.plist.xml; path = Info.plist; sourceTree = "<group>"; };
		3F1136BE1BD91B7500CB50B0 /* MooreContourTracingUITests.xctest */ = {isa = PBXFileReference; explicitFileType = wrapper.cfbundle; includeInIndex = 0; path = MooreContourTracingUITests.xctest; sourceTree = BUILT_PRODUCTS_DIR; };
		3F1136C21BD91B7500CB50B0 /* MooreContourTracingUITests.swift */ = {isa = PBXFileReference; lastKnownFileType = sourcecode.swift; path = MooreContourTracingUITests.swift; sourceTree = "<group>"; };
		3F1136C41BD91B7500CB50B0 /* Info.plist */ = {isa = PBXFileReference; lastKnownFileType = text.plist.xml; path = Info.plist; sourceTree = "<group>"; };
		3F1136D01BD91C8C00CB50B0 /* MooreLevelGenerator.swift */ = {isa = PBXFileReference; fileEncoding = 4; lastKnownFileType = sourcecode.swift; path = MooreLevelGenerator.swift; sourceTree = "<group>"; };
		3F1136D21BD91D8C00CB50B0 /* Level.txt */ = {isa = PBXFileReference; fileEncoding = 4; lastKnownFileType = text; path = Level.txt; sourceTree = "<group>"; };
		3F748EC81BF613CA00FFFEF4 /* BetterLevelGenerator.swift */ = {isa = PBXFileReference; fileEncoding = 4; lastKnownFileType = sourcecode.swift; path = BetterLevelGenerator.swift; sourceTree = "<group>"; };
		3FF52F921BE6A82600322FE7 /* ground.png */ = {isa = PBXFileReference; lastKnownFileType = image.png; path = ground.png; sourceTree = "<group>"; };
/* End PBXFileReference section */

/* Begin PBXFrameworksBuildPhase section */
		3F1136981BD91B7500CB50B0 /* Frameworks */ = {
			isa = PBXFrameworksBuildPhase;
			buildActionMask = 2147483647;
			files = (
			);
			runOnlyForDeploymentPostprocessing = 0;
		};
		3F1136B01BD91B7500CB50B0 /* Frameworks */ = {
			isa = PBXFrameworksBuildPhase;
			buildActionMask = 2147483647;
			files = (
			);
			runOnlyForDeploymentPostprocessing = 0;
		};
		3F1136BB1BD91B7500CB50B0 /* Frameworks */ = {
			isa = PBXFrameworksBuildPhase;
			buildActionMask = 2147483647;
			files = (
			);
			runOnlyForDeploymentPostprocessing = 0;
		};
/* End PBXFrameworksBuildPhase section */

/* Begin PBXGroup section */
		3F1136921BD91B7500CB50B0 = {
			isa = PBXGroup;
			children = (
				3F11369D1BD91B7500CB50B0 /* MooreContourTracing */,
				3F1136B61BD91B7500CB50B0 /* MooreContourTracingTests */,
				3F1136C11BD91B7500CB50B0 /* MooreContourTracingUITests */,
				3F11369C1BD91B7500CB50B0 /* Products */,
			);
			sourceTree = "<group>";
		};
		3F11369C1BD91B7500CB50B0 /* Products */ = {
			isa = PBXGroup;
			children = (
				3F11369B1BD91B7500CB50B0 /* MooreContourTracing.app */,
				3F1136B31BD91B7500CB50B0 /* MooreContourTracingTests.xctest */,
				3F1136BE1BD91B7500CB50B0 /* MooreContourTracingUITests.xctest */,
			);
			name = Products;
			sourceTree = "<group>";
		};
		3F11369D1BD91B7500CB50B0 /* MooreContourTracing */ = {
			isa = PBXGroup;
			children = (
				3F11369E1BD91B7500CB50B0 /* AppDelegate.swift */,
				3F1136A01BD91B7500CB50B0 /* GameScene.sks */,
				3F1136A21BD91B7500CB50B0 /* GameScene.swift */,
				3F1136A41BD91B7500CB50B0 /* GameViewController.swift */,
				3F1136D21BD91D8C00CB50B0 /* Level.txt */,
				3F1136D01BD91C8C00CB50B0 /* MooreLevelGenerator.swift */,
				3F748EC81BF613CA00FFFEF4 /* BetterLevelGenerator.swift */,
				3F1136A61BD91B7500CB50B0 /* Main.storyboard */,
				3F1136A91BD91B7500CB50B0 /* Assets.xcassets */,
				3F1136AB1BD91B7500CB50B0 /* LaunchScreen.storyboard */,
				3FF52F921BE6A82600322FE7 /* ground.png */,
				3F1136AE1BD91B7500CB50B0 /* Info.plist */,
			);
			path = MooreContourTracing;
			sourceTree = "<group>";
		};
		3F1136B61BD91B7500CB50B0 /* MooreContourTracingTests */ = {
			isa = PBXGroup;
			children = (
				3F1136B71BD91B7500CB50B0 /* MooreContourTracingTests.swift */,
				3F1136B91BD91B7500CB50B0 /* Info.plist */,
			);
			path = MooreContourTracingTests;
			sourceTree = "<group>";
		};
		3F1136C11BD91B7500CB50B0 /* MooreContourTracingUITests */ = {
			isa = PBXGroup;
			children = (
				3F1136C21BD91B7500CB50B0 /* MooreContourTracingUITests.swift */,
				3F1136C41BD91B7500CB50B0 /* Info.plist */,
			);
			path = MooreContourTracingUITests;
			sourceTree = "<group>";
		};
/* End PBXGroup section */

/* Begin PBXNativeTarget section */
		3F11369A1BD91B7500CB50B0 /* MooreContourTracing */ = {
			isa = PBXNativeTarget;
			buildConfigurationList = 3F1136C71BD91B7500CB50B0 /* Build configuration list for PBXNativeTarget "MooreContourTracing" */;
			buildPhases = (
				3F1136971BD91B7500CB50B0 /* Sources */,
				3F1136981BD91B7500CB50B0 /* Frameworks */,
				3F1136991BD91B7500CB50B0 /* Resources */,
			);
			buildRules = (
			);
			dependencies = (
			);
			name = MooreContourTracing;
			productName = MooreContourTracing;
			productReference = 3F11369B1BD91B7500CB50B0 /* MooreContourTracing.app */;
			productType = "com.apple.product-type.application";
		};
		3F1136B21BD91B7500CB50B0 /* MooreContourTracingTests */ = {
			isa = PBXNativeTarget;
			buildConfigurationList = 3F1136CA1BD91B7500CB50B0 /* Build configuration list for PBXNativeTarget "MooreContourTracingTests" */;
			buildPhases = (
				3F1136AF1BD91B7500CB50B0 /* Sources */,
				3F1136B01BD91B7500CB50B0 /* Frameworks */,
				3F1136B11BD91B7500CB50B0 /* Resources */,
			);
			buildRules = (
			);
			dependencies = (
				3F1136B51BD91B7500CB50B0 /* PBXTargetDependency */,
			);
			name = MooreContourTracingTests;
			productName = MooreContourTracingTests;
			productReference = 3F1136B31BD91B7500CB50B0 /* MooreContourTracingTests.xctest */;
			productType = "com.apple.product-type.bundle.unit-test";
		};
		3F1136BD1BD91B7500CB50B0 /* MooreContourTracingUITests */ = {
			isa = PBXNativeTarget;
			buildConfigurationList = 3F1136CD1BD91B7500CB50B0 /* Build configuration list for PBXNativeTarget "MooreContourTracingUITests" */;
			buildPhases = (
				3F1136BA1BD91B7500CB50B0 /* Sources */,
				3F1136BB1BD91B7500CB50B0 /* Frameworks */,
				3F1136BC1BD91B7500CB50B0 /* Resources */,
			);
			buildRules = (
			);
			dependencies = (
				3F1136C01BD91B7500CB50B0 /* PBXTargetDependency */,
			);
			name = MooreContourTracingUITests;
			productName = MooreContourTracingUITests;
			productReference = 3F1136BE1BD91B7500CB50B0 /* MooreContourTracingUITests.xctest */;
			productType = "com.apple.product-type.bundle.ui-testing";
		};
/* End PBXNativeTarget section */

/* Begin PBXProject section */
		3F1136931BD91B7500CB50B0 /* Project object */ = {
			isa = PBXProject;
			attributes = {
				LastUpgradeCheck = 0700;
				ORGANIZATIONNAME = LeonardoWajnsztok;
				TargetAttributes = {
					3F11369A1BD91B7500CB50B0 = {
						CreatedOnToolsVersion = 7.0.1;
						LastSwiftMigration = 0810;
					};
					3F1136B21BD91B7500CB50B0 = {
						CreatedOnToolsVersion = 7.0.1;
						LastSwiftMigration = 0810;
						TestTargetID = 3F11369A1BD91B7500CB50B0;
					};
					3F1136BD1BD91B7500CB50B0 = {
						CreatedOnToolsVersion = 7.0.1;
						LastSwiftMigration = 0810;
						TestTargetID = 3F11369A1BD91B7500CB50B0;
					};
				};
			};
			buildConfigurationList = 3F1136961BD91B7500CB50B0 /* Build configuration list for PBXProject "MooreContourTracing" */;
			compatibilityVersion = "Xcode 3.2";
			developmentRegion = English;
			hasScannedForEncodings = 0;
			knownRegions = (
				en,
				Base,
			);
			mainGroup = 3F1136921BD91B7500CB50B0;
			productRefGroup = 3F11369C1BD91B7500CB50B0 /* Products */;
			projectDirPath = "";
			projectRoot = "";
			targets = (
				3F11369A1BD91B7500CB50B0 /* MooreContourTracing */,
				3F1136B21BD91B7500CB50B0 /* MooreContourTracingTests */,
				3F1136BD1BD91B7500CB50B0 /* MooreContourTracingUITests */,
			);
		};
/* End PBXProject section */

/* Begin PBXResourcesBuildPhase section */
		3F1136991BD91B7500CB50B0 /* Resources */ = {
			isa = PBXResourcesBuildPhase;
			buildActionMask = 2147483647;
			files = (
				3F1136D31BD91D8C00CB50B0 /* Level.txt in Resources */,
				3FF52F931BE6A82600322FE7 /* ground.png in Resources */,
				3F1136A11BD91B7500CB50B0 /* GameScene.sks in Resources */,
				3F1136AD1BD91B7500CB50B0 /* LaunchScreen.storyboard in Resources */,
				3F1136AA1BD91B7500CB50B0 /* Assets.xcassets in Resources */,
				3F1136A81BD91B7500CB50B0 /* Main.storyboard in Resources */,
			);
			runOnlyForDeploymentPostprocessing = 0;
		};
		3F1136B11BD91B7500CB50B0 /* Resources */ = {
			isa = PBXResourcesBuildPhase;
			buildActionMask = 2147483647;
			files = (
			);
			runOnlyForDeploymentPostprocessing = 0;
		};
		3F1136BC1BD91B7500CB50B0 /* Resources */ = {
			isa = PBXResourcesBuildPhase;
			buildActionMask = 2147483647;
			files = (
			);
			runOnlyForDeploymentPostprocessing = 0;
		};
/* End PBXResourcesBuildPhase section */

/* Begin PBXSourcesBuildPhase section */
		3F1136971BD91B7500CB50B0 /* Sources */ = {
			isa = PBXSourcesBuildPhase;
			buildActionMask = 2147483647;
			files = (
				3F1136A31BD91B7500CB50B0 /* GameScene.swift in Sources */,
				3F1136D11BD91C8C00CB50B0 /* MooreLevelGenerator.swift in Sources */,
				3F1136A51BD91B7500CB50B0 /* GameViewController.swift in Sources */,
				3F11369F1BD91B7500CB50B0 /* AppDelegate.swift in Sources */,
				3F748EC91BF613CA00FFFEF4 /* BetterLevelGenerator.swift in Sources */,
			);
			runOnlyForDeploymentPostprocessing = 0;
		};
		3F1136AF1BD91B7500CB50B0 /* Sources */ = {
			isa = PBXSourcesBuildPhase;
			buildActionMask = 2147483647;
			files = (
				3F1136B81BD91B7500CB50B0 /* MooreContourTracingTests.swift in Sources */,
			);
			runOnlyForDeploymentPostprocessing = 0;
		};
		3F1136BA1BD91B7500CB50B0 /* Sources */ = {
			isa = PBXSourcesBuildPhase;
			buildActionMask = 2147483647;
			files = (
				3F1136C31BD91B7500CB50B0 /* MooreContourTracingUITests.swift in Sources */,
			);
			runOnlyForDeploymentPostprocessing = 0;
		};
/* End PBXSourcesBuildPhase section */

/* Begin PBXTargetDependency section */
		3F1136B51BD91B7500CB50B0 /* PBXTargetDependency */ = {
			isa = PBXTargetDependency;
			target = 3F11369A1BD91B7500CB50B0 /* MooreContourTracing */;
			targetProxy = 3F1136B41BD91B7500CB50B0 /* PBXContainerItemProxy */;
		};
		3F1136C01BD91B7500CB50B0 /* PBXTargetDependency */ = {
			isa = PBXTargetDependency;
			target = 3F11369A1BD91B7500CB50B0 /* MooreContourTracing */;
			targetProxy = 3F1136BF1BD91B7500CB50B0 /* PBXContainerItemProxy */;
		};
/* End PBXTargetDependency section */

/* Begin PBXVariantGroup section */
		3F1136A61BD91B7500CB50B0 /* Main.storyboard */ = {
			isa = PBXVariantGroup;
			children = (
				3F1136A71BD91B7500CB50B0 /* Base */,
			);
			name = Main.storyboard;
			sourceTree = "<group>";
		};
		3F1136AB1BD91B7500CB50B0 /* LaunchScreen.storyboard */ = {
			isa = PBXVariantGroup;
			children = (
				3F1136AC1BD91B7500CB50B0 /* Base */,
			);
			name = LaunchScreen.storyboard;
			sourceTree = "<group>";
		};
/* End PBXVariantGroup section */

/* Begin XCBuildConfiguration section */
		3F1136C51BD91B7500CB50B0 /* Debug */ = {
			isa = XCBuildConfiguration;
			buildSettings = {
				ALWAYS_SEARCH_USER_PATHS = NO;
				CLANG_CXX_LANGUAGE_STANDARD = "gnu++0x";
				CLANG_CXX_LIBRARY = "libc++";
				CLANG_ENABLE_MODULES = YES;
				CLANG_ENABLE_OBJC_ARC = YES;
				CLANG_WARN_BOOL_CONVERSION = YES;
				CLANG_WARN_CONSTANT_CONVERSION = YES;
				CLANG_WARN_DIRECT_OBJC_ISA_USAGE = YES_ERROR;
				CLANG_WARN_EMPTY_BODY = YES;
				CLANG_WARN_ENUM_CONVERSION = YES;
				CLANG_WARN_INT_CONVERSION = YES;
				CLANG_WARN_OBJC_ROOT_CLASS = YES_ERROR;
				CLANG_WARN_UNREACHABLE_CODE = YES;
				CLANG_WARN__DUPLICATE_METHOD_MATCH = YES;
				"CODE_SIGN_IDENTITY[sdk=iphoneos*]" = "iPhone Developer";
				COPY_PHASE_STRIP = NO;
				DEBUG_INFORMATION_FORMAT = "dwarf-with-dsym";
				ENABLE_STRICT_OBJC_MSGSEND = YES;
				ENABLE_TESTABILITY = YES;
				GCC_C_LANGUAGE_STANDARD = gnu99;
				GCC_DYNAMIC_NO_PIC = NO;
				GCC_NO_COMMON_BLOCKS = YES;
				GCC_OPTIMIZATION_LEVEL = 0;
				GCC_PREPROCESSOR_DEFINITIONS = (
					"DEBUG=1",
					"$(inherited)",
				);
				GCC_WARN_64_TO_32_BIT_CONVERSION = YES;
				GCC_WARN_ABOUT_RETURN_TYPE = YES_ERROR;
				GCC_WARN_UNDECLARED_SELECTOR = YES;
				GCC_WARN_UNINITIALIZED_AUTOS = YES_AGGRESSIVE;
				GCC_WARN_UNUSED_FUNCTION = YES;
				GCC_WARN_UNUSED_VARIABLE = YES;
				IPHONEOS_DEPLOYMENT_TARGET = 9.0;
				MTL_ENABLE_DEBUG_INFO = YES;
				ONLY_ACTIVE_ARCH = YES;
				SDKROOT = iphoneos;
				SWIFT_OPTIMIZATION_LEVEL = "-Onone";
			};
			name = Debug;
		};
		3F1136C61BD91B7500CB50B0 /* Release */ = {
			isa = XCBuildConfiguration;
			buildSettings = {
				ALWAYS_SEARCH_USER_PATHS = NO;
				CLANG_CXX_LANGUAGE_STANDARD = "gnu++0x";
				CLANG_CXX_LIBRARY = "libc++";
				CLANG_ENABLE_MODULES = YES;
				CLANG_ENABLE_OBJC_ARC = YES;
				CLANG_WARN_BOOL_CONVERSION = YES;
				CLANG_WARN_CONSTANT_CONVERSION = YES;
				CLANG_WARN_DIRECT_OBJC_ISA_USAGE = YES_ERROR;
				CLANG_WARN_EMPTY_BODY = YES;
				CLANG_WARN_ENUM_CONVERSION = YES;
				CLANG_WARN_INT_CONVERSION = YES;
				CLANG_WARN_OBJC_ROOT_CLASS = YES_ERROR;
				CLANG_WARN_UNREACHABLE_CODE = YES;
				CLANG_WARN__DUPLICATE_METHOD_MATCH = YES;
				"CODE_SIGN_IDENTITY[sdk=iphoneos*]" = "iPhone Developer";
				COPY_PHASE_STRIP = NO;
				DEBUG_INFORMATION_FORMAT = "dwarf-with-dsym";
				ENABLE_NS_ASSERTIONS = NO;
				ENABLE_STRICT_OBJC_MSGSEND = YES;
				GCC_C_LANGUAGE_STANDARD = gnu99;
				GCC_NO_COMMON_BLOCKS = YES;
				GCC_WARN_64_TO_32_BIT_CONVERSION = YES;
				GCC_WARN_ABOUT_RETURN_TYPE = YES_ERROR;
				GCC_WARN_UNDECLARED_SELECTOR = YES;
				GCC_WARN_UNINITIALIZED_AUTOS = YES_AGGRESSIVE;
				GCC_WARN_UNUSED_FUNCTION = YES;
				GCC_WARN_UNUSED_VARIABLE = YES;
				IPHONEOS_DEPLOYMENT_TARGET = 9.0;
				MTL_ENABLE_DEBUG_INFO = NO;
				SDKROOT = iphoneos;
				VALIDATE_PRODUCT = YES;
			};
			name = Release;
		};
		3F1136C81BD91B7500CB50B0 /* Debug */ = {
			isa = XCBuildConfiguration;
			buildSettings = {
				ASSETCATALOG_COMPILER_APPICON_NAME = AppIcon;
				INFOPLIST_FILE = MooreContourTracing/Info.plist;
				LD_RUNPATH_SEARCH_PATHS = "$(inherited) @executable_path/Frameworks";
				PRODUCT_BUNDLE_IDENTIFIER = com.hjlmt.MooreContourTracing;
				PRODUCT_NAME = "$(TARGET_NAME)";
				SWIFT_VERSION = 2.3;
			};
			name = Debug;
		};
		3F1136C91BD91B7500CB50B0 /* Release */ = {
			isa = XCBuildConfiguration;
			buildSettings = {
				ASSETCATALOG_COMPILER_APPICON_NAME = AppIcon;
				INFOPLIST_FILE = MooreContourTracing/Info.plist;
				LD_RUNPATH_SEARCH_PATHS = "$(inherited) @executable_path/Frameworks";
				PRODUCT_BUNDLE_IDENTIFIER = com.hjlmt.MooreContourTracing;
				PRODUCT_NAME = "$(TARGET_NAME)";
				SWIFT_VERSION = 2.3;
			};
			name = Release;
		};
		3F1136CB1BD91B7500CB50B0 /* Debug */ = {
			isa = XCBuildConfiguration;
			buildSettings = {
				BUNDLE_LOADER = "$(TEST_HOST)";
				DEBUG_INFORMATION_FORMAT = dwarf;
				INFOPLIST_FILE = MooreContourTracingTests/Info.plist;
				LD_RUNPATH_SEARCH_PATHS = "$(inherited) @executable_path/Frameworks @loader_path/Frameworks";
				PRODUCT_BUNDLE_IDENTIFIER = com.hjlmt.MooreContourTracingTests;
				PRODUCT_NAME = "$(TARGET_NAME)";
				SWIFT_VERSION = 2.3;
				TEST_HOST = "$(BUILT_PRODUCTS_DIR)/MooreContourTracing.app/MooreContourTracing";
			};
			name = Debug;
		};
		3F1136CC1BD91B7500CB50B0 /* Release */ = {
			isa = XCBuildConfiguration;
			buildSettings = {
				BUNDLE_LOADER = "$(TEST_HOST)";
				INFOPLIST_FILE = MooreContourTracingTests/Info.plist;
				LD_RUNPATH_SEARCH_PATHS = "$(inherited) @executable_path/Frameworks @loader_path/Frameworks";
				PRODUCT_BUNDLE_IDENTIFIER = com.hjlmt.MooreContourTracingTests;
				PRODUCT_NAME = "$(TARGET_NAME)";
				SWIFT_VERSION = 2.3;
				TEST_HOST = "$(BUILT_PRODUCTS_DIR)/MooreContourTracing.app/MooreContourTracing";
			};
			name = Release;
		};
		3F1136CE1BD91B7500CB50B0 /* Debug */ = {
			isa = XCBuildConfiguration;
			buildSettings = {
				DEBUG_INFORMATION_FORMAT = dwarf;
				INFOPLIST_FILE = MooreContourTracingUITests/Info.plist;
				LD_RUNPATH_SEARCH_PATHS = "$(inherited) @executable_path/Frameworks @loader_path/Frameworks";
				PRODUCT_BUNDLE_IDENTIFIER = com.hjlmt.MooreContourTracingUITests;
				PRODUCT_NAME = "$(TARGET_NAME)";
				SWIFT_VERSION = 2.3;
				TEST_TARGET_NAME = MooreContourTracing;
				USES_XCTRUNNER = YES;
			};
			name = Debug;
		};
		3F1136CF1BD91B7500CB50B0 /* Release */ = {
			isa = XCBuildConfiguration;
			buildSettings = {
				INFOPLIST_FILE = MooreContourTracingUITests/Info.plist;
				LD_RUNPATH_SEARCH_PATHS = "$(inherited) @executable_path/Frameworks @loader_path/Frameworks";
				PRODUCT_BUNDLE_IDENTIFIER = com.hjlmt.MooreContourTracingUITests;
				PRODUCT_NAME = "$(TARGET_NAME)";
				SWIFT_VERSION = 2.3;
				TEST_TARGET_NAME = MooreContourTracing;
				USES_XCTRUNNER = YES;
			};
			name = Release;
		};
/* End XCBuildConfiguration section */

/* Begin XCConfigurationList section */
		3F1136961BD91B7500CB50B0 /* Build configuration list for PBXProject "MooreContourTracing" */ = {
			isa = XCConfigurationList;
			buildConfigurations = (
				3F1136C51BD91B7500CB50B0 /* Debug */,
				3F1136C61BD91B7500CB50B0 /* Release */,
			);
			defaultConfigurationIsVisible = 0;
			defaultConfigurationName = Release;
		};
		3F1136C71BD91B7500CB50B0 /* Build configuration list for PBXNativeTarget "MooreContourTracing" */ = {
			isa = XCConfigurationList;
			buildConfigurations = (
				3F1136C81BD91B7500CB50B0 /* Debug */,
				3F1136C91BD91B7500CB50B0 /* Release */,
			);
			defaultConfigurationIsVisible = 0;
			defaultConfigurationName = Release;
		};
		3F1136CA1BD91B7500CB50B0 /* Build configuration list for PBXNativeTarget "MooreContourTracingTests" */ = {
			isa = XCConfigurationList;
			buildConfigurations = (
				3F1136CB1BD91B7500CB50B0 /* Debug */,
				3F1136CC1BD91B7500CB50B0 /* Release */,
			);
			defaultConfigurationIsVisible = 0;
			defaultConfigurationName = Release;
		};
		3F1136CD1BD91B7500CB50B0 /* Build configuration list for PBXNativeTarget "MooreContourTracingUITests" */ = {
			isa = XCConfigurationList;
			buildConfigurations = (
				3F1136CE1BD91B7500CB50B0 /* Debug */,
				3F1136CF1BD91B7500CB50B0 /* Release */,
			);
			defaultConfigurationIsVisible = 0;
			defaultConfigurationName = Release;
		};
/* End XCConfigurationList section */
	};
	rootObject = 3F1136931BD91B7500CB50B0 /* Project object */;
}
